# THIS IS AN AUTOGENERATED FILE. DO NOT EDIT THIS FILE DIRECTLY.
# yarn lockfile v1


"@types/google.maps@^3.51.1":
  version "3.51.1"
  resolved "https://registry.yarnpkg.com/@types/google.maps/-/google.maps-3.51.1.tgz#7cd2007d231d49b9642d84e752d25f41827f7c2b"
  integrity sha512-Wtl6PUL26jEbC1NBqJi7uoyYZo1/I3EDCd9pZk9EN6ZDvKaO28M5+nIQGyYomzvkMpMHnfywpTzalhwr76/oAg==

"@types/node@^18.13.0":
  version "18.13.0"
  resolved "https://registry.yarnpkg.com/@types/node/-/node-18.13.0.tgz#0400d1e6ce87e9d3032c19eb6c58205b0d3f7850"
  integrity sha512-gC3TazRzGoOnoKAhUx+Q0t8S9Tzs74z7m0ipwGpSqQrleP14hKxP4/JUeEQcD3W1/aIpnWl8pHowI7WokuZpXg==

typescript@^4.9.5:
  version "4.9.5"
  resolved "https://registry.yarnpkg.com/typescript/-/typescript-4.9.5.tgz#095979f9bcc0d09da324d58d03ce8f8374cbe65a"
  integrity sha512-1FXk9E2Hm+QzZQ7z+McJiHL4NW1F2EzMu9Nq9i3zAaGqibafqYwCVU6WyWAuyQRRzOlxou8xZSyXLEN8oKj24g==
